
Microsoft Visual Studio Solution File, Format Version 12.00
# Visual Studio 15
VisualStudioVersion = 15.0.27004.2010
MinimumVisualStudioVersion = 10.0.40219.1
Project("{FAE04EC0-301F-11D3-BF4B-00C04F79EFBC}") = "part2", "part2\part2.csproj", "{767EB91A-021D-481C-BAFE-583751755BD6}"
EndProject
Global
	GlobalSection(SolutionConfigurationPlatforms) = preSolution
		Debug|Any CPU = Debug|Any CPU
		Release|Any CPU = Release|Any CPU
	EndGlobalSection
	GlobalSection(ProjectConfigurationPlatforms) = postSolution
		{767EB91A-021D-481C-BAFE-583751755BD6}.Debug|Any CPU.ActiveCfg = Debug|Any CPU
		{767EB91A-021D-481C-BAFE-583751755BD6}.Debug|Any CPU.Build.0 = Debug|Any CPU
		{767EB91A-021D-481C-BAFE-583751755BD6}.Release|Any CPU.ActiveCfg = Release|Any CPU
		{767EB91A-021D-481C-BAFE-583751755BD6}.Release|Any CPU.Build.0 = Release|Any CPU
	EndGlobalSection
	GlobalSection(SolutionProperties) = preSolution
		HideSolutionNode = FALSE
	EndGlobalSection
	GlobalSection(ExtensibilityGlobals) = postSolution
		SolutionGuid = {AFE64A5F-4DBD-4745-9569-4F235276FD3D}
	EndGlobalSection
EndGlobal
